<?xml version="1.0" encoding="utf-8"?>
<Project ToolsVersion="4.0" xmlns="http://schemas.microsoft.com/developer/msbuild/2003">
  <ItemGroup>
    <ClCompile Include="src\ht\graphics\API.cpp" />
    <ClCompile Include="src\ht\graphics\Layer.cpp" />
    <ClCompile Include="src\ht\graphics\rendering\FBO.cpp" />
    <ClCompile Include="src\ht\graphics\rendering\Renderable.cpp" />
    <ClCompile Include="src\ht\graphics\shaders\ShaderManager.cpp" />
    <ClCompile Include="src\ht\graphics\shaders\ShaderProgram.cpp" />
    <ClCompile Include="src\ht\graphics\textures\Texture.cpp" />
    <ClCompile Include="src\ht\maths\mat4.cpp" />
    <ClCompile Include="src\ht\maths\vec2.cpp" />
    <ClCompile Include="src\ht\maths\vec3.cpp" />
    <ClCompile Include="src\ht\maths\vec4.cpp" />
    <ClCompile Include="src\ht\utils\memory\MemoryAllocator.cpp" />
    <ClCompile Include="src\ht\tools\VFS\src\Manager.cpp" />
    <ClCompile Include="src\ht\assets\Asset.cpp" />
    <ClCompile Include="src\ht\assets\HelltoothModel.cpp" />
    <ClCompile Include="src\ht\assets\HelltoothTexture.cpp" />
    <ClCompile Include="src\ht\graphics\Camera.cpp" />
    <ClCompile Include="src\ht\utils\String.cpp" />
    <ClCompile Include="src\ht\graphics\textures\TextureManager.cpp" />
    <ClCompile Include="src\ht\assets\FileSystem\FileSystem.cpp" />
    <ClCompile Include="src\ht\assets\ResourceStack.cpp" />
    <ClCompile Include="src\ht\assets\ObjLoader.cpp" />
    <ClCompile Include="src\ht\graphics\rendering\Entity.cpp" />
    <ClCompile Include="src\ht\graphics\rendering\renderers\2D\BatchRenderer2D.cpp" />
    <ClCompile Include="src\ht\graphics\ui\GUILayer.cpp" />
    <ClCompile Include="src\ht\graphics\ui\font\FontManager.cpp" />
    <ClCompile Include="src\ht\graphics\window\Window.cpp" />
    <ClCompile Include="src\ht\graphics\window\WindowManager.cpp" />
    <ClCompile Include="src\ht\maths\mat3.cpp" />
    <ClCompile Include="src\ht\utils\input\Input.cpp" />
    <ClCompile Include="src\ht\graphics\ui\items\Label.cpp" />
    <ClCompile Include="src\ht\graphics\ui\items\Button.cpp" />
    <ClCompile Include="src\ht\graphics\ui\items\Image.cpp" />
    <ClCompile Include="src\ht\graphics\rendering\renderers\ForwardRenderer.cpp" />
    <ClCompile Include="src\ht\graphics\rendering\Skybox.cpp" />
    <ClCompile Include="src\ht\assets\HelltoothCubemap.cpp" />
    <ClCompile Include="src\ht\graphics\rendering\GBuffer.cpp" />
    <ClCompile Include="src\ht\graphics\rendering\renderers\DeferredRenderer.cpp" />
    <ClCompile Include="src\ht\assets\ResourceManager.cpp" />
    <ClCompile Include="src\ht\graphics\ui\items\Slider.cpp" />
  </ItemGroup>
  <ItemGroup>
    <ClInclude Include="src\ht\assets\Asset.h" />
    <ClInclude Include="src\ht\assets\HelltoothModel.h" />
    <ClInclude Include="src\ht\assets\HelltoothTexture.h" />
    <ClInclude Include="src\ht\graphics\rendering\types\StaticEntity.h" />
    <ClInclude Include="src\ht\graphics\API.h" />
    <ClInclude Include="src\ht\graphics\Camera.h" />
    <ClInclude Include="src\ht\graphics\Layer.h" />
    <ClInclude Include="src\ht\graphics\rendering\FBO.h" />
    <ClInclude Include="src\ht\graphics\rendering\model\Cube.h" />
    <ClInclude Include="src\ht\graphics\rendering\model\Quad.h" />
    <ClInclude Include="src\ht\graphics\rendering\model\RawModel.h" />
    <ClInclude Include="src\ht\graphics\rendering\Renderable.h" />
    <ClInclude Include="src\ht\graphics\shaders\ShaderManager.h" />
    <ClInclude Include="src\ht\graphics\shaders\ShaderProgram.h" />
    <ClInclude Include="src\ht\graphics\textures\Texture.h" />
    <ClInclude Include="src\ht\Helltooth.h" />
    <ClInclude Include="src\ht\maths\mat4.h" />
    <ClInclude Include="src\ht\maths\maths.h" />
    <ClInclude Include="src\ht\maths\vec2.h" />
    <ClInclude Include="src\ht\maths\vec3.h" />
    <ClInclude Include="src\ht\maths\vec4.h" />
    <ClInclude Include="src\ht\utils\FileUtils.h" />
    <ClInclude Include="src\ht\utils\FpsCounter.h" />
    <ClInclude Include="src\ht\utils\Log.h" />
    <ClInclude Include="src\ht\utils\memory\MemoryAllocator.h" />
    <ClInclude Include="src\ht\utils\memory\MemoryManager.h" />
    <ClInclude Include="src\ht\tools\VFS\VFS.h" />
    <ClInclude Include="src\ht\tools\VFS\src\Manager.h" />
    <ClInclude Include="src\ht\utils\String.h" />
    <ClInclude Include="src\ht\graphics\textures\TextureManager.h" />
    <ClInclude Include="src\ht\graphics\rendering\Vertex.h" />
    <ClInclude Include="src\ht\assets\FileSystem\FileSystem.h" />
    <ClInclude Include="src\ht\utils\Pair.h" />
    <ClInclude Include="src\ht\assets\ResourceStack.h" />
    <ClInclude Include="src\ht\assets\ObjLoader.h" />
    <ClInclude Include="src\ht\graphics\rendering\renderers\Renderer.h" />
    <ClInclude Include="src\ht\graphics\rendering\Entity.h" />
    <ClInclude Include="src\ht\graphics\rendering\types\DynamicEntity.h" />
    <ClInclude Include="src\ht\graphics\rendering\renderers\2D\BatchRenderer2D.h" />
    <ClInclude Include="src\ht\graphics\rendering\2D\Sprite.h" />
    <ClInclude Include="src\ht\graphics\ui\GUILayer.h" />
    <ClInclude Include="src\ht\graphics\ui\GUIItem.h" />
    <ClInclude Include="src\ht\graphics\ui\font\FontManager.h" />
    <ClInclude Include="src\ht\graphics\window\Window.h" />
    <ClInclude Include="src\ht\graphics\window\WindowManager.h" />
    <ClInclude Include="src\ht\maths\mat3.h" />
    <ClInclude Include="src\ht\utils\input\Input.h" />
    <ClInclude Include="src\ht\tools\Cereal\src\Array.h" />
    <ClInclude Include="src\ht\tools\Cereal\src\Buffer.h" />
    <ClInclude Include="src\ht\tools\Cereal\src\Database.h" />
    <ClInclude Include="src\ht\tools\Cereal\src\Field.h" />
    <ClInclude Include="src\ht\tools\Cereal\src\Header.h" />
    <ClInclude Include="src\ht\tools\Cereal\src\Internal.h" />
    <ClInclude Include="src\ht\tools\Cereal\src\Object.h" />
    <ClInclude Include="src\ht\tools\Cereal\src\Reader.h" />
    <ClInclude Include="src\ht\tools\Cereal\src\Writer.h" />
    <ClInclude Include="src\ht\tools\Cereal\Cereal.h" />
    <ClInclude Include="src\ht\graphics\ui\items\Label.h" />
    <ClInclude Include="src\ht\graphics\ui\items\Button.h" />
    <ClInclude Include="src\ht\graphics\ui\items\Image.h" />
    <ClInclude Include="src\ht\graphics\rendering\renderers\ForwardRenderer.h" />
    <ClInclude Include="src\ht\graphics\rendering\Light.h" />
    <ClInclude Include="src\ht\graphics\rendering\Skybox.h" />
    <ClInclude Include="src\ht\assets\HelltoothCubemap.h" />
    <ClInclude Include="src\ht\graphics\rendering\GBuffer.h" />
    <ClInclude Include="src\ht\graphics\rendering\renderers\DeferredRenderer.h" />
    <ClInclude Include="src\ht\assets\ResourceManager.h" />
    <ClInclude Include="src\ht\utils\Internal.h" />
    <ClInclude Include="src\ht\graphics\ui\items\Slider.h" />
  </ItemGroup>
  <ItemGroup>
    <None Include="src\ht\graphics\ui\UiShader.vert" />
    <None Include="src\ht\graphics\ui\UiShader.frag" />
    <None Include="src\ht\graphics\rendering\renderers\shaders\ForwardRendererBasic.vert" />
    <None Include="src\ht\graphics\shaders\default\skybox.frag" />
    <None Include="src\ht\graphics\shaders\default\skybox.vert" />
    <None Include="src\ht\graphics\rendering\renderers\shaders\ForwardRendererDirectionalLight.frag" />
    <None Include="src\ht\graphics\rendering\renderers\shaders\ForwardRendererPointLight.frag" />
    <None Include="src\ht\graphics\rendering\renderers\shaders\ForwardRendererSpotLight.frag" />
    <None Include="src\ht\graphics\rendering\renderers\shaders\DeferredRendererBasic.vert" />
    <None Include="src\ht\graphics\rendering\renderers\shaders\DeferredRendererGeometryPass.frag" />
    <None Include="src\ht\graphics\rendering\renderers\shaders\DeferredRendererGeometryPass.vert" />
    <None Include="src\ht\graphics\rendering\renderers\shaders\DeferredRendererDirectionalLight.frag" />
    <None Include="src\ht\graphics\rendering\renderers\shaders\DeferredRendererPointLight.frag" />
    <None Include="src\ht\graphics\rendering\renderers\shaders\DeferredRendererSpotLight.frag" />
    <None Include="src\ht\Logo" />
  </ItemGroup>
</Project>