<?xml version="1.0" encoding="utf-8"?>
<Project ToolsVersion="4.0" xmlns="http://schemas.microsoft.com/developer/msbuild/2003">
  <ItemGroup>
    <Filter Include="src">
      <UniqueIdentifier>{62aa3d0f-9c96-4301-a9f7-2731e805eb7d}</UniqueIdentifier>
    </Filter>
    <Filter Include="src\Helltooth">
      <UniqueIdentifier>{fb8b0c91-e06c-4a88-af6f-3158937d49e0}</UniqueIdentifier>
    </Filter>
    <Filter Include="Dependencies">
      <UniqueIdentifier>{5f2adb05-7b4c-4aaf-b1ee-34915c989926}</UniqueIdentifier>
    </Filter>
    <Filter Include="src\Helltooth\Graphics">
      <UniqueIdentifier>{c53cc937-11cb-4cc6-a514-58a7400a9f85}</UniqueIdentifier>
    </Filter>
  </ItemGroup>
  <ItemGroup>
    <ClInclude Include="src\ht\Helltooth.h">
      <Filter>src</Filter>
    </ClInclude>
    <ClInclude Include="src\ht\utils\FileUtils.h" />
    <ClInclude Include="src\ht\utils\Input.h" />
    <ClInclude Include="src\ht\maths\mat4.h" />
    <ClInclude Include="src\ht\maths\maths.h" />
    <ClInclude Include="src\ht\maths\vec2.h" />
    <ClInclude Include="src\ht\maths\vec3.h" />
    <ClInclude Include="src\ht\maths\vec4.h" />
    <ClInclude Include="src\ht\graphics\shaders\ShaderProgram.h" />
    <ClInclude Include="src\ht\graphics\window.h">
      <Filter>src\Helltooth\Graphics</Filter>
    </ClInclude>
    <ClInclude Include="src\ht\utils\FpsCounter.h" />
    <ClInclude Include="src\ht\graphics\API.h" />
    <ClInclude Include="src\ht\graphics\rendering\model\Cube.h" />
    <ClInclude Include="src\ht\graphics\rendering\model\Pyramid.h" />
    <ClInclude Include="src\ht\graphics\Camera.h" />
    <ClInclude Include="src\ht\graphics\rendering\Entity3D.h" />
    <ClInclude Include="src\ht\utils\memory\MemoryAllocator.h" />
    <ClInclude Include="src\ht\utils\memory\MemoryManager.h" />
    <ClInclude Include="src\ht\graphics\rendering\vertex.h" />
    <ClInclude Include="src\ht\graphics\rendering\Renderable.h" />
    <ClInclude Include="src\ht\graphics\rendering\model\RawModel.h" />
    <ClInclude Include="src\ht\graphics\rendering\BatchRenderer.h" />
    <ClInclude Include="src\ht\graphics\rendering\EntityStack.h" />
  </ItemGroup>
  <ItemGroup>
    <ClCompile Include="src\ht\utils\input.cpp" />
    <ClCompile Include="src\ht\maths\mat4.cpp" />
    <ClCompile Include="src\ht\maths\vec2.cpp" />
    <ClCompile Include="src\ht\maths\vec3.cpp" />
    <ClCompile Include="src\ht\maths\vec4.cpp" />
    <ClCompile Include="src\ht\graphics\shaders\ShaderProgram.cpp" />
    <ClCompile Include="src\ht\graphics\window.cpp">
      <Filter>src\Helltooth\Graphics</Filter>
    </ClCompile>
    <ClCompile Include="src\ht\graphics\API.cpp" />
    <ClCompile Include="src\ht\graphics\rendering\Entity3D.cpp" />
    <ClCompile Include="src\ht\utils\memory\MemoryAllocator.cpp" />
    <ClCompile Include="src\ht\graphics\rendering\Renderable.cpp" />
    <ClCompile Include="src\ht\graphics\rendering\EntityStack.cpp" />
    <ClCompile Include="src\ht\graphics\rendering\BatchRenderer.cpp" />
  </ItemGroup>
</Project>